
Microsoft Visual Studio Solution File, Format Version 12.00
# Visual Studio Version 17
VisualStudioVersion = 17.4.33122.133
MinimumVisualStudioVersion = 10.0.40219.1
Project("{FAE04EC0-301F-11D3-BF4B-00C04F79EFBC}") = "CSharpSyntax", "CSharpSyntax\CSharpSyntax.csproj", "{92879664-3417-44C6-BEBB-11289B5841C4}"
EndProject
Global
	GlobalSection(SolutionConfigurationPlatforms) = preSolution
		Debug|Any CPU = Debug|Any CPU
		Release|Any CPU = Release|Any CPU
	EndGlobalSection
	GlobalSection(ProjectConfigurationPlatforms) = postSolution
		{92879664-3417-44C6-BEBB-11289B5841C4}.Debug|Any CPU.ActiveCfg = Debug|Any CPU
		{92879664-3417-44C6-BEBB-11289B5841C4}.Debug|Any CPU.Build.0 = Debug|Any CPU
		{92879664-3417-44C6-BEBB-11289B5841C4}.Release|Any CPU.ActiveCfg = Release|Any CPU
		{92879664-3417-44C6-BEBB-11289B5841C4}.Release|Any CPU.Build.0 = Release|Any CPU
	EndGlobalSection
	GlobalSection(SolutionProperties) = preSolution
		HideSolutionNode = FALSE
	EndGlobalSection
	GlobalSection(ExtensibilityGlobals) = postSolution
		SolutionGuid = {1A6D4CC5-6C78-464F-AD8A-B300CAEF36C5}
	EndGlobalSection
EndGlobal
